
Microsoft Visual Studio Solution File, Format Version 12.00
# Visual Studio Version 17
VisualStudioVersion = 17.9.34723.18
MinimumVisualStudioVersion = 10.0.40219.1
Project("{FAE04EC0-301F-11D3-BF4B-00C04F79EFBC}") = "BookingInRio", "BookingInRio\BookingInRio.csproj", "{01EAC524-1109-4342-99DB-62F090FD2C62}"
EndProject
Global
	GlobalSection(SolutionConfigurationPlatforms) = preSolution
		Debug|Any CPU = Debug|Any CPU
		Release|Any CPU = Release|Any CPU
	EndGlobalSection
	GlobalSection(ProjectConfigurationPlatforms) = postSolution
		{01EAC524-1109-4342-99DB-62F090FD2C62}.Debug|Any CPU.ActiveCfg = Debug|Any CPU
		{01EAC524-1109-4342-99DB-62F090FD2C62}.Debug|Any CPU.Build.0 = Debug|Any CPU
		{01EAC524-1109-4342-99DB-62F090FD2C62}.Release|Any CPU.ActiveCfg = Release|Any CPU
		{01EAC524-1109-4342-99DB-62F090FD2C62}.Release|Any CPU.Build.0 = Release|Any CPU
	EndGlobalSection
	GlobalSection(SolutionProperties) = preSolution
		HideSolutionNode = FALSE
	EndGlobalSection
	GlobalSection(ExtensibilityGlobals) = postSolution
		SolutionGuid = {A9CD14E2-ED96-4418-B77B-BB96C52EA385}
	EndGlobalSection
EndGlobal
